
Microsoft Visual Studio Solution File, Format Version 12.00
# Visual Studio Version 17
VisualStudioVersion = 17.5.002.0
MinimumVisualStudioVersion = 10.0.40219.1
Project("{9A19103F-16F7-4668-BE54-9A1E7A4F7556}") = "shopapp.business", "shopapp.business\shopapp.business.csproj", "{B2589B5F-8433-4D02-B4A9-5AE42D885CB4}"
EndProject
Project("{9A19103F-16F7-4668-BE54-9A1E7A4F7556}") = "shopapp.data", "shopapp.data\shopapp.data.csproj", "{B9D2530F-7E69-445D-BB9C-EF27A3DB7F67}"
EndProject
Project("{9A19103F-16F7-4668-BE54-9A1E7A4F7556}") = "shopapp.entity", "shopapp.entity\shopapp.entity.csproj", "{D47DF3AB-0A13-43B0-B8B1-060DC5843E61}"
EndProject
Project("{9A19103F-16F7-4668-BE54-9A1E7A4F7556}") = "shopapp.webui", "shopapp.webui\shopapp.webui.csproj", "{5C6A4069-7665-49EA-AECC-0C494ECC390D}"
EndProject
Global
	GlobalSection(SolutionConfigurationPlatforms) = preSolution
		Debug|Any CPU = Debug|Any CPU
		Release|Any CPU = Release|Any CPU
	EndGlobalSection
	GlobalSection(ProjectConfigurationPlatforms) = postSolution
		{B2589B5F-8433-4D02-B4A9-5AE42D885CB4}.Debug|Any CPU.ActiveCfg = Debug|Any CPU
		{B2589B5F-8433-4D02-B4A9-5AE42D885CB4}.Debug|Any CPU.Build.0 = Debug|Any CPU
		{B2589B5F-8433-4D02-B4A9-5AE42D885CB4}.Release|Any CPU.ActiveCfg = Release|Any CPU
		{B2589B5F-8433-4D02-B4A9-5AE42D885CB4}.Release|Any CPU.Build.0 = Release|Any CPU
		{B9D2530F-7E69-445D-BB9C-EF27A3DB7F67}.Debug|Any CPU.ActiveCfg = Debug|Any CPU
		{B9D2530F-7E69-445D-BB9C-EF27A3DB7F67}.Debug|Any CPU.Build.0 = Debug|Any CPU
		{B9D2530F-7E69-445D-BB9C-EF27A3DB7F67}.Release|Any CPU.ActiveCfg = Release|Any CPU
		{B9D2530F-7E69-445D-BB9C-EF27A3DB7F67}.Release|Any CPU.Build.0 = Release|Any CPU
		{D47DF3AB-0A13-43B0-B8B1-060DC5843E61}.Debug|Any CPU.ActiveCfg = Debug|Any CPU
		{D47DF3AB-0A13-43B0-B8B1-060DC5843E61}.Debug|Any CPU.Build.0 = Debug|Any CPU
		{D47DF3AB-0A13-43B0-B8B1-060DC5843E61}.Release|Any CPU.ActiveCfg = Release|Any CPU
		{D47DF3AB-0A13-43B0-B8B1-060DC5843E61}.Release|Any CPU.Build.0 = Release|Any CPU
		{5C6A4069-7665-49EA-AECC-0C494ECC390D}.Debug|Any CPU.ActiveCfg = Debug|Any CPU
		{5C6A4069-7665-49EA-AECC-0C494ECC390D}.Debug|Any CPU.Build.0 = Debug|Any CPU
		{5C6A4069-7665-49EA-AECC-0C494ECC390D}.Release|Any CPU.ActiveCfg = Release|Any CPU
		{5C6A4069-7665-49EA-AECC-0C494ECC390D}.Release|Any CPU.Build.0 = Release|Any CPU
	EndGlobalSection
	GlobalSection(SolutionProperties) = preSolution
		HideSolutionNode = FALSE
	EndGlobalSection
	GlobalSection(ExtensibilityGlobals) = postSolution
		SolutionGuid = {CD5FEFC8-6616-4FA1-BDD0-3538D9DE28F7}
	EndGlobalSection
EndGlobal
